
Microsoft Visual Studio Solution File, Format Version 12.00
# Visual Studio Version 16
VisualStudioVersion = 16.0.32510.428
MinimumVisualStudioVersion = 10.0.40219.1
Project("{FAE04EC0-301F-11D3-BF4B-00C04F79EFBC}") = "RestWithASPNET5", "RestWithASPNET5\RestWithASPNET5.csproj", "{173DEC38-B7B0-4174-B42B-824F2FBBB577}"
EndProject
Global
	GlobalSection(SolutionConfigurationPlatforms) = preSolution
		Debug|Any CPU = Debug|Any CPU
		Release|Any CPU = Release|Any CPU
	EndGlobalSection
	GlobalSection(ProjectConfigurationPlatforms) = postSolution
		{173DEC38-B7B0-4174-B42B-824F2FBBB577}.Debug|Any CPU.ActiveCfg = Debug|Any CPU
		{173DEC38-B7B0-4174-B42B-824F2FBBB577}.Debug|Any CPU.Build.0 = Debug|Any CPU
		{173DEC38-B7B0-4174-B42B-824F2FBBB577}.Release|Any CPU.ActiveCfg = Release|Any CPU
		{173DEC38-B7B0-4174-B42B-824F2FBBB577}.Release|Any CPU.Build.0 = Release|Any CPU
	EndGlobalSection
	GlobalSection(SolutionProperties) = preSolution
		HideSolutionNode = FALSE
	EndGlobalSection
	GlobalSection(ExtensibilityGlobals) = postSolution
		SolutionGuid = {BC27F60F-997B-4350-9F6D-61FEC782E710}
	EndGlobalSection
EndGlobal
